# THIS IS AN AUTOGENERATED FILE. DO NOT EDIT THIS FILE DIRECTLY.
# yarn lockfile v1


"@ffmpeg/core@^0.8.4":
  version "0.8.4"
  resolved "https://registry.yarnpkg.com/@ffmpeg/core/-/core-0.8.4.tgz#69062a9b257792a9a8445e1f01e68c3e5e7fe58b"
  integrity sha512-gEr4qXZpShZpIVUO3hc5Vz7bkk/jLYuzVVQtHluUwrui5eAooQwExOGiEovzLVkRwjJ707/qqfmTrK3r80UkWw==

"@ffmpeg/ffmpeg@^0.9.5":
  version "0.9.5"
  resolved "https://registry.yarnpkg.com/@ffmpeg/ffmpeg/-/ffmpeg-0.9.5.tgz#6624747dc331632bc7c581e8d4f2046abc933798"
  integrity sha512-Vtxgi5C89n36pJ3I1/l6xd2qSwn+s1tAtLvFJ98N9P2ZorBvxXCEwTkt2yL7GuOUX9wpdG/vLFqp7iLso8LDwg==
  dependencies:
    is-url "^1.2.4"
    node-fetch "^2.6.1"
    regenerator-runtime "^0.13.7"
    resolve-url "^0.2.1"

is-url@^1.2.4:
  version "1.2.4"
  resolved "https://registry.yarnpkg.com/is-url/-/is-url-1.2.4.tgz#04a4df46d28c4cff3d73d01ff06abeb318a1aa52"
  integrity sha512-ITvGim8FhRiYe4IQ5uHSkj7pVaPDrCTkNd3yq3cV7iZAcJdHTUMPMEHcqSOy9xZ9qFenQCvi+2wjH9a1nXqHww==

node-fetch@^2.6.1:
  version "2.6.1"
  resolved "https://registry.yarnpkg.com/node-fetch/-/node-fetch-2.6.1.tgz#045bd323631f76ed2e2b55573394416b639a0052"
  integrity sha512-V4aYg89jEoVRxRb2fJdAg8FHvI7cEyYdVAh94HH0UIK8oJxUfkjlDQN9RbMx+bEjP7+ggMiFRprSti032Oipxw==

regenerator-runtime@^0.13.7:
  version "0.13.7"
  resolved "https://registry.yarnpkg.com/regenerator-runtime/-/regenerator-runtime-0.13.7.tgz#cac2dacc8a1ea675feaabaeb8ae833898ae46f55"
  integrity sha512-a54FxoJDIr27pgf7IgeQGxmqUNYrcV338lf/6gH456HZ/PhX+5BcwHXG9ajESmwe6WRO0tAzRUrRmNONWgkrew==

resolve-url@^0.2.1:
  version "0.2.1"
  resolved "https://registry.yarnpkg.com/resolve-url/-/resolve-url-0.2.1.tgz#2c637fe77c893afd2a663fe21aa9080068e2052a"
  integrity sha1-LGN/53yJOv0qZj/iGqkIAGjiBSo=

three@^0.122.0:
  version "0.122.0"
  resolved "https://registry.yarnpkg.com/three/-/three-0.122.0.tgz#bd9ed8a8820074856e8ba7b63fe0a65176e01aeb"
  integrity sha512-bgYMo0WdaQhf7DhLE8OSNN/rVFO5J4K1A2VeeKqoV4MjjuHjfCP6xLpg8Xedhns7NlEnN3sZ6VJROq19Qyl6Sg==

typescript@^4.1.2:
  version "4.1.2"
  resolved "https://registry.yarnpkg.com/typescript/-/typescript-4.1.2.tgz#6369ef22516fe5e10304aae5a5c4862db55380e9"
  integrity sha512-thGloWsGH3SOxv1SoY7QojKi0tc+8FnOmiarEGMbd/lar7QOEd3hvlx3Fp5y6FlDUGl9L+pd4n2e+oToGMmhRQ==
